
Microsoft Visual Studio Solution File, Format Version 12.00
# Visual Studio Version 17
VisualStudioVersion = 17.14.36623.8 d17.14
MinimumVisualStudioVersion = 10.0.40219.1
Project("{FAE04EC0-301F-11D3-BF4B-00C04F79EFBC}") = "MergeSortEstructurasDatos", "MergeSortEstructurasDatos\MergeSortEstructurasDatos.csproj", "{0E134E21-2E4B-4A91-A5A5-58A9CF1A9B32}"
EndProject
Global
	GlobalSection(SolutionConfigurationPlatforms) = preSolution
		Debug|Any CPU = Debug|Any CPU
		Release|Any CPU = Release|Any CPU
	EndGlobalSection
	GlobalSection(ProjectConfigurationPlatforms) = postSolution
		{0E134E21-2E4B-4A91-A5A5-58A9CF1A9B32}.Debug|Any CPU.ActiveCfg = Debug|Any CPU
		{0E134E21-2E4B-4A91-A5A5-58A9CF1A9B32}.Debug|Any CPU.Build.0 = Debug|Any CPU
		{0E134E21-2E4B-4A91-A5A5-58A9CF1A9B32}.Release|Any CPU.ActiveCfg = Release|Any CPU
		{0E134E21-2E4B-4A91-A5A5-58A9CF1A9B32}.Release|Any CPU.Build.0 = Release|Any CPU
	EndGlobalSection
	GlobalSection(SolutionProperties) = preSolution
		HideSolutionNode = FALSE
	EndGlobalSection
	GlobalSection(ExtensibilityGlobals) = postSolution
		SolutionGuid = {680DD013-3AFC-428C-B19C-5454F450CE35}
	EndGlobalSection
EndGlobal
