
Microsoft Visual Studio Solution File, Format Version 12.00
# Visual Studio Version 17
VisualStudioVersion = 17.14.36429.23 d17.14
MinimumVisualStudioVersion = 10.0.40219.1
Project("{FAE04EC0-301F-11D3-BF4B-00C04F79EFBC}") = "EstructuraDeDatosEjercicio1", "EstructuraDeDatosEjercicio1\EstructuraDeDatosEjercicio1.csproj", "{76ED493E-1466-4B8E-BD25-E7AA46045615}"
EndProject
Global
	GlobalSection(SolutionConfigurationPlatforms) = preSolution
		Debug|Any CPU = Debug|Any CPU
		Release|Any CPU = Release|Any CPU
	EndGlobalSection
	GlobalSection(ProjectConfigurationPlatforms) = postSolution
		{76ED493E-1466-4B8E-BD25-E7AA46045615}.Debug|Any CPU.ActiveCfg = Debug|Any CPU
		{76ED493E-1466-4B8E-BD25-E7AA46045615}.Debug|Any CPU.Build.0 = Debug|Any CPU
		{76ED493E-1466-4B8E-BD25-E7AA46045615}.Release|Any CPU.ActiveCfg = Release|Any CPU
		{76ED493E-1466-4B8E-BD25-E7AA46045615}.Release|Any CPU.Build.0 = Release|Any CPU
	EndGlobalSection
	GlobalSection(SolutionProperties) = preSolution
		HideSolutionNode = FALSE
	EndGlobalSection
	GlobalSection(ExtensibilityGlobals) = postSolution
		SolutionGuid = {DD824FE7-B927-4A7B-96DA-4B023441EEC7}
	EndGlobalSection
EndGlobal
